
Microsoft Visual Studio Solution File, Format Version 12.00
# Visual Studio Version 16
VisualStudioVersion = 16.0.31402.337
MinimumVisualStudioVersion = 10.0.40219.1
Project("{9A19103F-16F7-4668-BE54-9A1E7A4F7556}") = "Inventory", "Inventory\Inventory.csproj", "{54E55FD3-2B0F-4F0C-9E44-7BEFE1C489D3}"
EndProject
Project("{9A19103F-16F7-4668-BE54-9A1E7A4F7556}") = "PointOfSale", "PointOfSale\PointOfSale.csproj", "{CAC09C11-ACB0-4034-90AA-5F0E03B774AD}"
EndProject
Project("{FAE04EC0-301F-11D3-BF4B-00C04F79EFBC}") = "Mux", "Mux\Mux.csproj", "{A2E81083-777C-4ABC-B83C-BF1CF8F88D96}"
EndProject
Global
	GlobalSection(SolutionConfigurationPlatforms) = preSolution
		Debug|Any CPU = Debug|Any CPU
		Release|Any CPU = Release|Any CPU
	EndGlobalSection
	GlobalSection(ProjectConfigurationPlatforms) = postSolution
		{54E55FD3-2B0F-4F0C-9E44-7BEFE1C489D3}.Debug|Any CPU.ActiveCfg = Debug|Any CPU
		{54E55FD3-2B0F-4F0C-9E44-7BEFE1C489D3}.Debug|Any CPU.Build.0 = Debug|Any CPU
		{54E55FD3-2B0F-4F0C-9E44-7BEFE1C489D3}.Release|Any CPU.ActiveCfg = Release|Any CPU
		{54E55FD3-2B0F-4F0C-9E44-7BEFE1C489D3}.Release|Any CPU.Build.0 = Release|Any CPU
		{CAC09C11-ACB0-4034-90AA-5F0E03B774AD}.Debug|Any CPU.ActiveCfg = Debug|Any CPU
		{CAC09C11-ACB0-4034-90AA-5F0E03B774AD}.Debug|Any CPU.Build.0 = Debug|Any CPU
		{CAC09C11-ACB0-4034-90AA-5F0E03B774AD}.Release|Any CPU.ActiveCfg = Release|Any CPU
		{CAC09C11-ACB0-4034-90AA-5F0E03B774AD}.Release|Any CPU.Build.0 = Release|Any CPU
		{A2E81083-777C-4ABC-B83C-BF1CF8F88D96}.Debug|Any CPU.ActiveCfg = Debug|Any CPU
		{A2E81083-777C-4ABC-B83C-BF1CF8F88D96}.Debug|Any CPU.Build.0 = Debug|Any CPU
		{A2E81083-777C-4ABC-B83C-BF1CF8F88D96}.Release|Any CPU.ActiveCfg = Release|Any CPU
		{A2E81083-777C-4ABC-B83C-BF1CF8F88D96}.Release|Any CPU.Build.0 = Release|Any CPU
	EndGlobalSection
	GlobalSection(SolutionProperties) = preSolution
		HideSolutionNode = FALSE
	EndGlobalSection
	GlobalSection(ExtensibilityGlobals) = postSolution
		SolutionGuid = {EAF67F4D-77EE-48F9-8F19-DC7FD103D22D}
	EndGlobalSection
EndGlobal
